<?xml version="1.0" encoding="utf-8"?>
<Project ToolsVersion="4.0" xmlns="http://schemas.microsoft.com/developer/msbuild/2003">
  <ItemGroup>
    <Filter Include="Source Files">
      <UniqueIdentifier>{c179e2d5-2389-4cd8-ad29-9df39785fc85}</UniqueIdentifier>
    </Filter>
    <Filter Include="Generated Files">
      <UniqueIdentifier>{93a6b456-53da-4289-8704-73fcd1c661b3}</UniqueIdentifier>
      <SourceControlFiles>False</SourceControlFiles>
    </Filter>
  </ItemGroup>
  <ItemGroup>
    <None Include="assemblyShellExtensionps.def" />
  </ItemGroup>
  <ItemGroup>
    <ClCompile Include="assemblyShellExtension_i.c">
      <Filter>Generated Files</Filter>
    </ClCompile>
    <ClCompile Include="assemblyShellExtension_p.c">
      <Filter>Generated Files</Filter>
    </ClCompile>
    <ClCompile Include="dlldata.c">
      <Filter>Generated Files</Filter>
    </ClCompile>
  </ItemGroup>
</Project>